
Microsoft Visual Studio Solution File, Format Version 12.00
# Visual Studio 14
VisualStudioVersion = 14.0.25420.1
MinimumVisualStudioVersion = 10.0.40219.1
Project("{151D2E53-A2C4-4D7D-83FE-D05416EBD58E}") = "ARMBuildingBlocks", "ARMBuildingBlocks\ARMBuildingBlocks.deployproj", "{06C057FD-2159-461B-90AF-F2551FA1C2E0}"
EndProject
Project("{151D2E53-A2C4-4D7D-83FE-D05416EBD58E}") = "guidance-compute-single-vm", "guidance-compute-single-vm\guidance-compute-single-vm.deployproj", "{B7B33AE1-E56A-458D-93FB-D06DDB93CD7F}"
EndProject
Project("{151D2E53-A2C4-4D7D-83FE-D05416EBD58E}") = "guidance-hybrid-network-vpn", "guidance-hybrid-network-vpn\guidance-hybrid-network-vpn.deployproj", "{832CB7C6-CECA-424E-A82A-FAA4C342FD85}"
EndProject
Project("{151D2E53-A2C4-4D7D-83FE-D05416EBD58E}") = "guidance-hybrid-network-secure-vnet", "guidance-hybrid-network-secure-vnet\guidance-hybrid-network-secure-vnet.deployproj", "{5B5343CE-CAFF-42CF-893D-CABCC55858BB}"
EndProject
Project("{151D2E53-A2C4-4D7D-83FE-D05416EBD58E}") = "guidance-iaas-ra-pub-dmz", "guidance-iaas-ra-pub-dmz\guidance-iaas-ra-pub-dmz.deployproj", "{B1BF8B7B-C4CC-4191-AFF3-688B03348642}"
EndProject
Project("{151D2E53-A2C4-4D7D-83FE-D05416EBD58E}") = "guidance-iaas-ra-ad-extension", "guidance-iaas-ra-ad-extension\guidance-iaas-ra-ad-extension.deployproj", "{F2003085-E99D-46B9-B0BA-AB395E8D6E85}"
EndProject
Project("{151D2E53-A2C4-4D7D-83FE-D05416EBD58E}") = "guidance-iaas-ra-adfs", "guidance-iaas-ra-adfs\guidance-iaas-ra-adfs.deployproj", "{91B6C235-88A6-4CF7-9BEF-627C28004DDE}"
EndProject
Project("{151D2E53-A2C4-4D7D-83FE-D05416EBD58E}") = "guidance-iaas-ra-aad", "guidance-iaas-ra-aad\guidance-iaas-ra-aad.deployproj", "{29E1E552-0DE2-4DAF-A330-C7840D0F2EAD}"
EndProject
Global
	GlobalSection(SolutionConfigurationPlatforms) = preSolution
		Debug|Any CPU = Debug|Any CPU
		Release|Any CPU = Release|Any CPU
	EndGlobalSection
	GlobalSection(ProjectConfigurationPlatforms) = postSolution
		{06C057FD-2159-461B-90AF-F2551FA1C2E0}.Debug|Any CPU.ActiveCfg = Debug|Any CPU
		{06C057FD-2159-461B-90AF-F2551FA1C2E0}.Debug|Any CPU.Build.0 = Debug|Any CPU
		{06C057FD-2159-461B-90AF-F2551FA1C2E0}.Release|Any CPU.ActiveCfg = Release|Any CPU
		{06C057FD-2159-461B-90AF-F2551FA1C2E0}.Release|Any CPU.Build.0 = Release|Any CPU
		{B7B33AE1-E56A-458D-93FB-D06DDB93CD7F}.Debug|Any CPU.ActiveCfg = Debug|Any CPU
		{B7B33AE1-E56A-458D-93FB-D06DDB93CD7F}.Debug|Any CPU.Build.0 = Debug|Any CPU
		{B7B33AE1-E56A-458D-93FB-D06DDB93CD7F}.Release|Any CPU.ActiveCfg = Release|Any CPU
		{B7B33AE1-E56A-458D-93FB-D06DDB93CD7F}.Release|Any CPU.Build.0 = Release|Any CPU
		{832CB7C6-CECA-424E-A82A-FAA4C342FD85}.Debug|Any CPU.ActiveCfg = Debug|Any CPU
		{832CB7C6-CECA-424E-A82A-FAA4C342FD85}.Debug|Any CPU.Build.0 = Debug|Any CPU
		{832CB7C6-CECA-424E-A82A-FAA4C342FD85}.Release|Any CPU.ActiveCfg = Release|Any CPU
		{832CB7C6-CECA-424E-A82A-FAA4C342FD85}.Release|Any CPU.Build.0 = Release|Any CPU
		{5B5343CE-CAFF-42CF-893D-CABCC55858BB}.Debug|Any CPU.ActiveCfg = Debug|Any CPU
		{5B5343CE-CAFF-42CF-893D-CABCC55858BB}.Debug|Any CPU.Build.0 = Debug|Any CPU
		{5B5343CE-CAFF-42CF-893D-CABCC55858BB}.Release|Any CPU.ActiveCfg = Release|Any CPU
		{5B5343CE-CAFF-42CF-893D-CABCC55858BB}.Release|Any CPU.Build.0 = Release|Any CPU
		{B1BF8B7B-C4CC-4191-AFF3-688B03348642}.Debug|Any CPU.ActiveCfg = Debug|Any CPU
		{B1BF8B7B-C4CC-4191-AFF3-688B03348642}.Debug|Any CPU.Build.0 = Debug|Any CPU
		{B1BF8B7B-C4CC-4191-AFF3-688B03348642}.Release|Any CPU.ActiveCfg = Release|Any CPU
		{B1BF8B7B-C4CC-4191-AFF3-688B03348642}.Release|Any CPU.Build.0 = Release|Any CPU
		{F2003085-E99D-46B9-B0BA-AB395E8D6E85}.Debug|Any CPU.ActiveCfg = Debug|Any CPU
		{F2003085-E99D-46B9-B0BA-AB395E8D6E85}.Debug|Any CPU.Build.0 = Debug|Any CPU
		{F2003085-E99D-46B9-B0BA-AB395E8D6E85}.Release|Any CPU.ActiveCfg = Release|Any CPU
		{F2003085-E99D-46B9-B0BA-AB395E8D6E85}.Release|Any CPU.Build.0 = Release|Any CPU
		{91B6C235-88A6-4CF7-9BEF-627C28004DDE}.Debug|Any CPU.ActiveCfg = Debug|Any CPU
		{91B6C235-88A6-4CF7-9BEF-627C28004DDE}.Debug|Any CPU.Build.0 = Debug|Any CPU
		{91B6C235-88A6-4CF7-9BEF-627C28004DDE}.Release|Any CPU.ActiveCfg = Release|Any CPU
		{91B6C235-88A6-4CF7-9BEF-627C28004DDE}.Release|Any CPU.Build.0 = Release|Any CPU
		{29E1E552-0DE2-4DAF-A330-C7840D0F2EAD}.Debug|Any CPU.ActiveCfg = Debug|Any CPU
		{29E1E552-0DE2-4DAF-A330-C7840D0F2EAD}.Debug|Any CPU.Build.0 = Debug|Any CPU
		{29E1E552-0DE2-4DAF-A330-C7840D0F2EAD}.Release|Any CPU.ActiveCfg = Release|Any CPU
		{29E1E552-0DE2-4DAF-A330-C7840D0F2EAD}.Release|Any CPU.Build.0 = Release|Any CPU
	EndGlobalSection
	GlobalSection(SolutionProperties) = preSolution
		HideSolutionNode = FALSE
	EndGlobalSection
EndGlobal
